// !$*UTF8*$!
{
	archiveVersion = 1;
	classes = {
	};
	objectVersion = 50;
	objects = {

/* Begin PBXBuildFile section */
		55DA59592194992A00544FF0 /* AppDelegate.swift in Sources */ = {isa = PBXBuildFile; fileRef = 55DA59582194992A00544FF0 /* AppDelegate.swift */; };
		55DA595B2194992A00544FF0 /* ViewController.swift in Sources */ = {isa = PBXBuildFile; fileRef = 55DA595A2194992A00544FF0 /* ViewController.swift */; };
		55DA595E2194992A00544FF0 /* Main.storyboard in Resources */ = {isa = PBXBuildFile; fileRef = 55DA595C2194992A00544FF0 /* Main.storyboard */; };
		55DA59612194992A00544FF0 /* TestContacts.xcdatamodeld in Sources */ = {isa = PBXBuildFile; fileRef = 55DA595F2194992A00544FF0 /* TestContacts.xcdatamodeld */; };
		55DA59632194992B00544FF0 /* Assets.xcassets in Resources */ = {isa = PBXBuildFile; fileRef = 55DA59622194992B00544FF0 /* Assets.xcassets */; };
		55DA59662194992B00544FF0 /* LaunchScreen.storyboard in Resources */ = {isa = PBXBuildFile; fileRef = 55DA59642194992B00544FF0 /* LaunchScreen.storyboard */; };
		55DA59712194992B00544FF0 /* TestContactsTests.swift in Sources */ = {isa = PBXBuildFile; fileRef = 55DA59702194992B00544FF0 /* TestContactsTests.swift */; };
		55DA597C2194992C00544FF0 /* TestContactsUITests.swift in Sources */ = {isa = PBXBuildFile; fileRef = 55DA597B2194992C00544FF0 /* TestContactsUITests.swift */; };
/* End PBXBuildFile section */

/* Begin PBXContainerItemProxy section */
		55DA596D2194992B00544FF0 /* PBXContainerItemProxy */ = {
			isa = PBXContainerItemProxy;
			containerPortal = 55DA594D2194992A00544FF0 /* Project object */;
			proxyType = 1;
			remoteGlobalIDString = 55DA59542194992A00544FF0;
			remoteInfo = TestContacts;
		};
		55DA59782194992C00544FF0 /* PBXContainerItemProxy */ = {
			isa = PBXContainerItemProxy;
			containerPortal = 55DA594D2194992A00544FF0 /* Project object */;
			proxyType = 1;
			remoteGlobalIDString = 55DA59542194992A00544FF0;
			remoteInfo = TestContacts;
		};
/* End PBXContainerItemProxy section */

/* Begin PBXFileReference section */
		55DA59552194992A00544FF0 /* TestContacts.app */ = {isa = PBXFileReference; explicitFileType = wrapper.application; includeInIndex = 0; path = TestContacts.app; sourceTree = BUILT_PRODUCTS_DIR; };
		55DA59582194992A00544FF0 /* AppDelegate.swift */ = {isa = PBXFileReference; lastKnownFileType = sourcecode.swift; path = AppDelegate.swift; sourceTree = "<group>"; };
		55DA595A2194992A00544FF0 /* ViewController.swift */ = {isa = PBXFileReference; lastKnownFileType = sourcecode.swift; path = ViewController.swift; sourceTree = "<group>"; };
		55DA595D2194992A00544FF0 /* Base */ = {isa = PBXFileReference; lastKnownFileType = file.storyboard; name = Base; path = Base.lproj/Main.storyboard; sourceTree = "<group>"; };
		55DA59602194992A00544FF0 /* TestContacts.xcdatamodel */ = {isa = PBXFileReference; lastKnownFileType = wrapper.xcdatamodel; path = TestContacts.xcdatamodel; sourceTree = "<group>"; };
		55DA59622194992B00544FF0 /* Assets.xcassets */ = {isa = PBXFileReference; lastKnownFileType = folder.assetcatalog; path = Assets.xcassets; sourceTree = "<group>"; };
		55DA59652194992B00544FF0 /* Base */ = {isa = PBXFileReference; lastKnownFileType = file.storyboard; name = Base; path = Base.lproj/LaunchScreen.storyboard; sourceTree = "<group>"; };
		55DA59672194992B00544FF0 /* Info.plist */ = {isa = PBXFileReference; lastKnownFileType = text.plist.xml; path = Info.plist; sourceTree = "<group>"; };
		55DA596C2194992B00544FF0 /* TestContactsTests.xctest */ = {isa = PBXFileReference; explicitFileType = wrapper.cfbundle; includeInIndex = 0; path = TestContactsTests.xctest; sourceTree = BUILT_PRODUCTS_DIR; };
		55DA59702194992B00544FF0 /* TestContactsTests.swift */ = {isa = PBXFileReference; lastKnownFileType = sourcecode.swift; path = TestContactsTests.swift; sourceTree = "<group>"; };
		55DA59722194992B00544FF0 /* Info.plist */ = {isa = PBXFileReference; lastKnownFileType = text.plist.xml; path = Info.plist; sourceTree = "<group>"; };
		55DA59772194992C00544FF0 /* TestContactsUITests.xctest */ = {isa = PBXFileReference; explicitFileType = wrapper.cfbundle; includeInIndex = 0; path = TestContactsUITests.xctest; sourceTree = BUILT_PRODUCTS_DIR; };
		55DA597B2194992C00544FF0 /* TestContactsUITests.swift */ = {isa = PBXFileReference; lastKnownFileType = sourcecode.swift; path = TestContactsUITests.swift; sourceTree = "<group>"; };
		55DA597D2194992C00544FF0 /* Info.plist */ = {isa = PBXFileReference; lastKnownFileType = text.plist.xml; path = Info.plist; sourceTree = "<group>"; };
/* End PBXFileReference section */

/* Begin PBXFrameworksBuildPhase section */
		55DA59522194992A00544FF0 /* Frameworks */ = {
			isa = PBXFrameworksBuildPhase;
			buildActionMask = 2147483647;
			files = (
			);
			runOnlyForDeploymentPostprocessing = 0;
		};
		55DA59692194992B00544FF0 /* Frameworks */ = {
			isa = PBXFrameworksBuildPhase;
			buildActionMask = 2147483647;
			files = (
			);
			runOnlyForDeploymentPostprocessing = 0;
		};
		55DA59742194992C00544FF0 /* Frameworks */ = {
			isa = PBXFrameworksBuildPhase;
			buildActionMask = 2147483647;
			files = (
			);
			runOnlyForDeploymentPostprocessing = 0;
		};
/* End PBXFrameworksBuildPhase section */

/* Begin PBXGroup section */
		55DA594C2194992A00544FF0 = {
			isa = PBXGroup;
			children = (
				55DA59572194992A00544FF0 /* TestContacts */,
				55DA596F2194992B00544FF0 /* TestContactsTests */,
				55DA597A2194992C00544FF0 /* TestContactsUITests */,
				55DA59562194992A00544FF0 /* Products */,
			);
			sourceTree = "<group>";
		};
		55DA59562194992A00544FF0 /* Products */ = {
			isa = PBXGroup;
			children = (
				55DA59552194992A00544FF0 /* TestContacts.app */,
				55DA596C2194992B00544FF0 /* TestContactsTests.xctest */,
				55DA59772194992C00544FF0 /* TestContactsUITests.xctest */,
			);
			name = Products;
			sourceTree = "<group>";
		};
		55DA59572194992A00544FF0 /* TestContacts */ = {
			isa = PBXGroup;
			children = (
				55DA59582194992A00544FF0 /* AppDelegate.swift */,
				55DA595A2194992A00544FF0 /* ViewController.swift */,
				55DA595C2194992A00544FF0 /* Main.storyboard */,
				55DA59622194992B00544FF0 /* Assets.xcassets */,
				55DA59642194992B00544FF0 /* LaunchScreen.storyboard */,
				55DA59672194992B00544FF0 /* Info.plist */,
				55DA595F2194992A00544FF0 /* TestContacts.xcdatamodeld */,
			);
			path = TestContacts;
			sourceTree = "<group>";
		};
		55DA596F2194992B00544FF0 /* TestContactsTests */ = {
			isa = PBXGroup;
			children = (
				55DA59702194992B00544FF0 /* TestContactsTests.swift */,
				55DA59722194992B00544FF0 /* Info.plist */,
			);
			path = TestContactsTests;
			sourceTree = "<group>";
		};
		55DA597A2194992C00544FF0 /* TestContactsUITests */ = {
			isa = PBXGroup;
			children = (
				55DA597B2194992C00544FF0 /* TestContactsUITests.swift */,
				55DA597D2194992C00544FF0 /* Info.plist */,
			);
			path = TestContactsUITests;
			sourceTree = "<group>";
		};
/* End PBXGroup section */

/* Begin PBXNativeTarget section */
		55DA59542194992A00544FF0 /* TestContacts */ = {
			isa = PBXNativeTarget;
			buildConfigurationList = 55DA59802194992C00544FF0 /* Build configuration list for PBXNativeTarget "TestContacts" */;
			buildPhases = (
				55DA59512194992A00544FF0 /* Sources */,
				55DA59522194992A00544FF0 /* Frameworks */,
				55DA59532194992A00544FF0 /* Resources */,
			);
			buildRules = (
			);
			dependencies = (
			);
			name = TestContacts;
			productName = TestContacts;
			productReference = 55DA59552194992A00544FF0 /* TestContacts.app */;
			productType = "com.apple.product-type.application";
		};
		55DA596B2194992B00544FF0 /* TestContactsTests */ = {
			isa = PBXNativeTarget;
			buildConfigurationList = 55DA59832194992C00544FF0 /* Build configuration list for PBXNativeTarget "TestContactsTests" */;
			buildPhases = (
				55DA59682194992B00544FF0 /* Sources */,
				55DA59692194992B00544FF0 /* Frameworks */,
				55DA596A2194992B00544FF0 /* Resources */,
			);
			buildRules = (
			);
			dependencies = (
				55DA596E2194992B00544FF0 /* PBXTargetDependency */,
			);
			name = TestContactsTests;
			productName = TestContactsTests;
			productReference = 55DA596C2194992B00544FF0 /* TestContactsTests.xctest */;
			productType = "com.apple.product-type.bundle.unit-test";
		};
		55DA59762194992C00544FF0 /* TestContactsUITests */ = {
			isa = PBXNativeTarget;
			buildConfigurationList = 55DA59862194992C00544FF0 /* Build configuration list for PBXNativeTarget "TestContactsUITests" */;
			buildPhases = (
				55DA59732194992C00544FF0 /* Sources */,
				55DA59742194992C00544FF0 /* Frameworks */,
				55DA59752194992C00544FF0 /* Resources */,
			);
			buildRules = (
			);
			dependencies = (
				55DA59792194992C00544FF0 /* PBXTargetDependency */,
			);
			name = TestContactsUITests;
			productName = TestContactsUITests;
			productReference = 55DA59772194992C00544FF0 /* TestContactsUITests.xctest */;
			productType = "com.apple.product-type.bundle.ui-testing";
		};
/* End PBXNativeTarget section */

/* Begin PBXProject section */
		55DA594D2194992A00544FF0 /* Project object */ = {
			isa = PBXProject;
			attributes = {
				LastSwiftUpdateCheck = 0940;
				LastUpgradeCheck = 0940;
				ORGANIZATIONNAME = DaKar;
				TargetAttributes = {
					55DA59542194992A00544FF0 = {
						CreatedOnToolsVersion = 9.4.1;
					};
					55DA596B2194992B00544FF0 = {
						CreatedOnToolsVersion = 9.4.1;
						TestTargetID = 55DA59542194992A00544FF0;
					};
					55DA59762194992C00544FF0 = {
						CreatedOnToolsVersion = 9.4.1;
						TestTargetID = 55DA59542194992A00544FF0;
					};
				};
			};
			buildConfigurationList = 55DA59502194992A00544FF0 /* Build configuration list for PBXProject "TestContacts" */;
			compatibilityVersion = "Xcode 9.3";
			developmentRegion = en;
			hasScannedForEncodings = 0;
			knownRegions = (
				en,
				Base,
			);
			mainGroup = 55DA594C2194992A00544FF0;
			productRefGroup = 55DA59562194992A00544FF0 /* Products */;
			projectDirPath = "";
			projectRoot = "";
			targets = (
				55DA59542194992A00544FF0 /* TestContacts */,
				55DA596B2194992B00544FF0 /* TestContactsTests */,
				55DA59762194992C00544FF0 /* TestContactsUITests */,
			);
		};
/* End PBXProject section */

/* Begin PBXResourcesBuildPhase section */
		55DA59532194992A00544FF0 /* Resources */ = {
			isa = PBXResourcesBuildPhase;
			buildActionMask = 2147483647;
			files = (
				55DA59662194992B00544FF0 /* LaunchScreen.storyboard in Resources */,
				55DA59632194992B00544FF0 /* Assets.xcassets in Resources */,
				55DA595E2194992A00544FF0 /* Main.storyboard in Resources */,
			);
			runOnlyForDeploymentPostprocessing = 0;
		};
		55DA596A2194992B00544FF0 /* Resources */ = {
			isa = PBXResourcesBuildPhase;
			buildActionMask = 2147483647;
			files = (
			);
			runOnlyForDeploymentPostprocessing = 0;
		};
		55DA59752194992C00544FF0 /* Resources */ = {
			isa = PBXResourcesBuildPhase;
			buildActionMask = 2147483647;
			files = (
			);
			runOnlyForDeploymentPostprocessing = 0;
		};
/* End PBXResourcesBuildPhase section */

/* Begin PBXSourcesBuildPhase section */
		55DA59512194992A00544FF0 /* Sources */ = {
			isa = PBXSourcesBuildPhase;
			buildActionMask = 2147483647;
			files = (
				55DA595B2194992A00544FF0 /* ViewController.swift in Sources */,
				55DA59592194992A00544FF0 /* AppDelegate.swift in Sources */,
				55DA59612194992A00544FF0 /* TestContacts.xcdatamodeld in Sources */,
			);
			runOnlyForDeploymentPostprocessing = 0;
		};
		55DA59682194992B00544FF0 /* Sources */ = {
			isa = PBXSourcesBuildPhase;
			buildActionMask = 2147483647;
			files = (
				55DA59712194992B00544FF0 /* TestContactsTests.swift in Sources */,
			);
			runOnlyForDeploymentPostprocessing = 0;
		};
		55DA59732194992C00544FF0 /* Sources */ = {
			isa = PBXSourcesBuildPhase;
			buildActionMask = 2147483647;
			files = (
				55DA597C2194992C00544FF0 /* TestContactsUITests.swift in Sources */,
			);
			runOnlyForDeploymentPostprocessing = 0;
		};
/* End PBXSourcesBuildPhase section */

/* Begin PBXTargetDependency section */
		55DA596E2194992B00544FF0 /* PBXTargetDependency */ = {
			isa = PBXTargetDependency;
			target = 55DA59542194992A00544FF0 /* TestContacts */;
			targetProxy = 55DA596D2194992B00544FF0 /* PBXContainerItemProxy */;
		};
		55DA59792194992C00544FF0 /* PBXTargetDependency */ = {
			isa = PBXTargetDependency;
			target = 55DA59542194992A00544FF0 /* TestContacts */;
			targetProxy = 55DA59782194992C00544FF0 /* PBXContainerItemProxy */;
		};
/* End PBXTargetDependency section */

/* Begin PBXVariantGroup section */
		55DA595C2194992A00544FF0 /* Main.storyboard */ = {
			isa = PBXVariantGroup;
			children = (
				55DA595D2194992A00544FF0 /* Base */,
			);
			name = Main.storyboard;
			sourceTree = "<group>";
		};
		55DA59642194992B00544FF0 /* LaunchScreen.storyboard */ = {
			isa = PBXVariantGroup;
			children = (
				55DA59652194992B00544FF0 /* Base */,
			);
			name = LaunchScreen.storyboard;
			sourceTree = "<group>";
		};
/* End PBXVariantGroup section */

/* Begin XCBuildConfiguration section */
		55DA597E2194992C00544FF0 /* Debug */ = {
			isa = XCBuildConfiguration;
			buildSettings = {
				ALWAYS_SEARCH_USER_PATHS = NO;
				CLANG_ANALYZER_NONNULL = YES;
				CLANG_ANALYZER_NUMBER_OBJECT_CONVERSION = YES_AGGRESSIVE;
				CLANG_CXX_LANGUAGE_STANDARD = "gnu++14";
				CLANG_CXX_LIBRARY = "libc++";
				CLANG_ENABLE_MODULES = YES;
				CLANG_ENABLE_OBJC_ARC = YES;
				CLANG_ENABLE_OBJC_WEAK = YES;
				CLANG_WARN_BLOCK_CAPTURE_AUTORELEASING = YES;
				CLANG_WARN_BOOL_CONVERSION = YES;
				CLANG_WARN_COMMA = YES;
				CLANG_WARN_CONSTANT_CONVERSION = YES;
				CLANG_WARN_DEPRECATED_OBJC_IMPLEMENTATIONS = YES;
				CLANG_WARN_DIRECT_OBJC_ISA_USAGE = YES_ERROR;
				CLANG_WARN_DOCUMENTATION_COMMENTS = YES;
				CLANG_WARN_EMPTY_BODY = YES;
				CLANG_WARN_ENUM_CONVERSION = YES;
				CLANG_WARN_INFINITE_RECURSION = YES;
				CLANG_WARN_INT_CONVERSION = YES;
				CLANG_WARN_NON_LITERAL_NULL_CONVERSION = YES;
				CLANG_WARN_OBJC_IMPLICIT_RETAIN_SELF = YES;
				CLANG_WARN_OBJC_LITERAL_CONVERSION = YES;
				CLANG_WARN_OBJC_ROOT_CLASS = YES_ERROR;
				CLANG_WARN_RANGE_LOOP_ANALYSIS = YES;
				CLANG_WARN_STRICT_PROTOTYPES = YES;
				CLANG_WARN_SUSPICIOUS_MOVE = YES;
				CLANG_WARN_UNGUARDED_AVAILABILITY = YES_AGGRESSIVE;
				CLANG_WARN_UNREACHABLE_CODE = YES;
				CLANG_WARN__DUPLICATE_METHOD_MATCH = YES;
				CODE_SIGN_IDENTITY = "iPhone Developer";
				COPY_PHASE_STRIP = NO;
				DEBUG_INFORMATION_FORMAT = dwarf;
				ENABLE_STRICT_OBJC_MSGSEND = YES;
				ENABLE_TESTABILITY = YES;
				GCC_C_LANGUAGE_STANDARD = gnu11;
				GCC_DYNAMIC_NO_PIC = NO;
				GCC_NO_COMMON_BLOCKS = YES;
				GCC_OPTIMIZATION_LEVEL = 0;
				GCC_PREPROCESSOR_DEFINITIONS = (
					"DEBUG=1",
					"$(inherited)",
				);
				GCC_WARN_64_TO_32_BIT_CONVERSION = YES;
				GCC_WARN_ABOUT_RETURN_TYPE = YES_ERROR;
				GCC_WARN_UNDECLARED_SELECTOR = YES;
				GCC_WARN_UNINITIALIZED_AUTOS = YES_AGGRESSIVE;
				GCC_WARN_UNUSED_FUNCTION = YES;
				GCC_WARN_UNUSED_VARIABLE = YES;
				IPHONEOS_DEPLOYMENT_TARGET = 11.4;
				MTL_ENABLE_DEBUG_INFO = YES;
				ONLY_ACTIVE_ARCH = YES;
				SDKROOT = iphoneos;
				SWIFT_ACTIVE_COMPILATION_CONDITIONS = DEBUG;
				SWIFT_OPTIMIZATION_LEVEL = "-Onone";
			};
			name = Debug;
		};
		55DA597F2194992C00544FF0 /* Release */ = {
			isa = XCBuildConfiguration;
			buildSettings = {
				ALWAYS_SEARCH_USER_PATHS = NO;
				CLANG_ANALYZER_NONNULL = YES;
				CLANG_ANALYZER_NUMBER_OBJECT_CONVERSION = YES_AGGRESSIVE;
				CLANG_CXX_LANGUAGE_STANDARD = "gnu++14";
				CLANG_CXX_LIBRARY = "libc++";
				CLANG_ENABLE_MODULES = YES;
				CLANG_ENABLE_OBJC_ARC = YES;
				CLANG_ENABLE_OBJC_WEAK = YES;
				CLANG_WARN_BLOCK_CAPTURE_AUTORELEASING = YES;
				CLANG_WARN_BOOL_CONVERSION = YES;
				CLANG_WARN_COMMA = YES;
				CLANG_WARN_CONSTANT_CONVERSION = YES;
				CLANG_WARN_DEPRECATED_OBJC_IMPLEMENTATIONS = YES;
				CLANG_WARN_DIRECT_OBJC_ISA_USAGE = YES_ERROR;
				CLANG_WARN_DOCUMENTATION_COMMENTS = YES;
				CLANG_WARN_EMPTY_BODY = YES;
				CLANG_WARN_ENUM_CONVERSION = YES;
				CLANG_WARN_INFINITE_RECURSION = YES;
				CLANG_WARN_INT_CONVERSION = YES;
				CLANG_WARN_NON_LITERAL_NULL_CONVERSION = YES;
				CLANG_WARN_OBJC_IMPLICIT_RETAIN_SELF = YES;
				CLANG_WARN_OBJC_LITERAL_CONVERSION = YES;
				CLANG_WARN_OBJC_ROOT_CLASS = YES_ERROR;
				CLANG_WARN_RANGE_LOOP_ANALYSIS = YES;
				CLANG_WARN_STRICT_PROTOTYPES = YES;
				CLANG_WARN_SUSPICIOUS_MOVE = YES;
				CLANG_WARN_UNGUARDED_AVAILABILITY = YES_AGGRESSIVE;
				CLANG_WARN_UNREACHABLE_CODE = YES;
				CLANG_WARN__DUPLICATE_METHOD_MATCH = YES;
				CODE_SIGN_IDENTITY = "iPhone Developer";
				COPY_PHASE_STRIP = NO;
				DEBUG_INFORMATION_FORMAT = "dwarf-with-dsym";
				ENABLE_NS_ASSERTIONS = NO;
				ENABLE_STRICT_OBJC_MSGSEND = YES;
				GCC_C_LANGUAGE_STANDARD = gnu11;
				GCC_NO_COMMON_BLOCKS = YES;
				GCC_WARN_64_TO_32_BIT_CONVERSION = YES;
				GCC_WARN_ABOUT_RETURN_TYPE = YES_ERROR;
				GCC_WARN_UNDECLARED_SELECTOR = YES;
				GCC_WARN_UNINITIALIZED_AUTOS = YES_AGGRESSIVE;
				GCC_WARN_UNUSED_FUNCTION = YES;
				GCC_WARN_UNUSED_VARIABLE = YES;
				IPHONEOS_DEPLOYMENT_TARGET = 11.4;
				MTL_ENABLE_DEBUG_INFO = NO;
				SDKROOT = iphoneos;
				SWIFT_COMPILATION_MODE = wholemodule;
				SWIFT_OPTIMIZATION_LEVEL = "-O";
				VALIDATE_PRODUCT = YES;
			};
			name = Release;
		};
		55DA59812194992C00544FF0 /* Debug */ = {
			isa = XCBuildConfiguration;
			buildSettings = {
				ASSETCATALOG_COMPILER_APPICON_NAME = AppIcon;
				CODE_SIGN_STYLE = Automatic;
				DEVELOPMENT_TEAM = ZAD3RQ6R75;
				INFOPLIST_FILE = TestContacts/Info.plist;
				LD_RUNPATH_SEARCH_PATHS = (
					"$(inherited)",
					"@executable_path/Frameworks",
				);
				PRODUCT_BUNDLE_IDENTIFIER = com.DaKar.TestContacts;
				PRODUCT_NAME = "$(TARGET_NAME)";
				SWIFT_VERSION = 4.0;
				TARGETED_DEVICE_FAMILY = "1,2";
			};
			name = Debug;
		};
		55DA59822194992C00544FF0 /* Release */ = {
			isa = XCBuildConfiguration;
			buildSettings = {
				ASSETCATALOG_COMPILER_APPICON_NAME = AppIcon;
				CODE_SIGN_STYLE = Automatic;
				DEVELOPMENT_TEAM = ZAD3RQ6R75;
				INFOPLIST_FILE = TestContacts/Info.plist;
				LD_RUNPATH_SEARCH_PATHS = (
					"$(inherited)",
					"@executable_path/Frameworks",
				);
				PRODUCT_BUNDLE_IDENTIFIER = com.DaKar.TestContacts;
				PRODUCT_NAME = "$(TARGET_NAME)";
				SWIFT_VERSION = 4.0;
				TARGETED_DEVICE_FAMILY = "1,2";
			};
			name = Release;
		};
		55DA59842194992C00544FF0 /* Debug */ = {
			isa = XCBuildConfiguration;
			buildSettings = {
				ALWAYS_EMBED_SWIFT_STANDARD_LIBRARIES = YES;
				BUNDLE_LOADER = "$(TEST_HOST)";
				CODE_SIGN_STYLE = Automatic;
				DEVELOPMENT_TEAM = ZAD3RQ6R75;
				INFOPLIST_FILE = TestContactsTests/Info.plist;
				LD_RUNPATH_SEARCH_PATHS = (
					"$(inherited)",
					"@executable_path/Frameworks",
					"@loader_path/Frameworks",
				);
				PRODUCT_BUNDLE_IDENTIFIER = com.DaKar.TestContactsTests;
				PRODUCT_NAME = "$(TARGET_NAME)";
				SWIFT_VERSION = 4.0;
				TARGETED_DEVICE_FAMILY = "1,2";
				TEST_HOST = "$(BUILT_PRODUCTS_DIR)/TestContacts.app/TestContacts";
			};
			name = Debug;
		};
		55DA59852194992C00544FF0 /* Release */ = {
			isa = XCBuildConfiguration;
			buildSettings = {
				ALWAYS_EMBED_SWIFT_STANDARD_LIBRARIES = YES;
				BUNDLE_LOADER = "$(TEST_HOST)";
				CODE_SIGN_STYLE = Automatic;
				DEVELOPMENT_TEAM = ZAD3RQ6R75;
				INFOPLIST_FILE = TestContactsTests/Info.plist;
				LD_RUNPATH_SEARCH_PATHS = (
					"$(inherited)",
					"@executable_path/Frameworks",
					"@loader_path/Frameworks",
				);
				PRODUCT_BUNDLE_IDENTIFIER = com.DaKar.TestContactsTests;
				PRODUCT_NAME = "$(TARGET_NAME)";
				SWIFT_VERSION = 4.0;
				TARGETED_DEVICE_FAMILY = "1,2";
				TEST_HOST = "$(BUILT_PRODUCTS_DIR)/TestContacts.app/TestContacts";
			};
			name = Release;
		};
		55DA59872194992C00544FF0 /* Debug */ = {
			isa = XCBuildConfiguration;
			buildSettings = {
				ALWAYS_EMBED_SWIFT_STANDARD_LIBRARIES = YES;
				CODE_SIGN_STYLE = Automatic;
				DEVELOPMENT_TEAM = ZAD3RQ6R75;
				INFOPLIST_FILE = TestContactsUITests/Info.plist;
				LD_RUNPATH_SEARCH_PATHS = (
					"$(inherited)",
					"@executable_path/Frameworks",
					"@loader_path/Frameworks",
				);
				PRODUCT_BUNDLE_IDENTIFIER = com.DaKar.TestContactsUITests;
				PRODUCT_NAME = "$(TARGET_NAME)";
				SWIFT_VERSION = 4.0;
				TARGETED_DEVICE_FAMILY = "1,2";
				TEST_TARGET_NAME = TestContacts;
			};
			name = Debug;
		};
		55DA59882194992C00544FF0 /* Release */ = {
			isa = XCBuildConfiguration;
			buildSettings = {
				ALWAYS_EMBED_SWIFT_STANDARD_LIBRARIES = YES;
				CODE_SIGN_STYLE = Automatic;
				DEVELOPMENT_TEAM = ZAD3RQ6R75;
				INFOPLIST_FILE = TestContactsUITests/Info.plist;
				LD_RUNPATH_SEARCH_PATHS = (
					"$(inherited)",
					"@executable_path/Frameworks",
					"@loader_path/Frameworks",
				);
				PRODUCT_BUNDLE_IDENTIFIER = com.DaKar.TestContactsUITests;
				PRODUCT_NAME = "$(TARGET_NAME)";
				SWIFT_VERSION = 4.0;
				TARGETED_DEVICE_FAMILY = "1,2";
				TEST_TARGET_NAME = TestContacts;
			};
			name = Release;
		};
/* End XCBuildConfiguration section */

/* Begin XCConfigurationList section */
		55DA59502194992A00544FF0 /* Build configuration list for PBXProject "TestContacts" */ = {
			isa = XCConfigurationList;
			buildConfigurations = (
				55DA597E2194992C00544FF0 /* Debug */,
				55DA597F2194992C00544FF0 /* Release */,
			);
			defaultConfigurationIsVisible = 0;
			defaultConfigurationName = Release;
		};
		55DA59802194992C00544FF0 /* Build configuration list for PBXNativeTarget "TestContacts" */ = {
			isa = XCConfigurationList;
			buildConfigurations = (
				55DA59812194992C00544FF0 /* Debug */,
				55DA59822194992C00544FF0 /* Release */,
			);
			defaultConfigurationIsVisible = 0;
			defaultConfigurationName = Release;
		};
		55DA59832194992C00544FF0 /* Build configuration list for PBXNativeTarget "TestContactsTests" */ = {
			isa = XCConfigurationList;
			buildConfigurations = (
				55DA59842194992C00544FF0 /* Debug */,
				55DA59852194992C00544FF0 /* Release */,
			);
			defaultConfigurationIsVisible = 0;
			defaultConfigurationName = Release;
		};
		55DA59862194992C00544FF0 /* Build configuration list for PBXNativeTarget "TestContactsUITests" */ = {
			isa = XCConfigurationList;
			buildConfigurations = (
				55DA59872194992C00544FF0 /* Debug */,
				55DA59882194992C00544FF0 /* Release */,
			);
			defaultConfigurationIsVisible = 0;
			defaultConfigurationName = Release;
		};
/* End XCConfigurationList section */

/* Begin XCVersionGroup section */
		55DA595F2194992A00544FF0 /* TestContacts.xcdatamodeld */ = {
			isa = XCVersionGroup;
			children = (
				55DA59602194992A00544FF0 /* TestContacts.xcdatamodel */,
			);
			currentVersion = 55DA59602194992A00544FF0 /* TestContacts.xcdatamodel */;
			path = TestContacts.xcdatamodeld;
			sourceTree = "<group>";
			versionGroupType = wrapper.xcdatamodel;
		};
/* End XCVersionGroup section */
	};
	rootObject = 55DA594D2194992A00544FF0 /* Project object */;
}
